
Microsoft Visual Studio Solution File, Format Version 12.00
# Visual Studio Version 16
VisualStudioVersion = 16.0.31205.134
MinimumVisualStudioVersion = 10.0.40219.1
Project("{FAE04EC0-301F-11D3-BF4B-00C04F79EFBC}") = "SimpleCalculator", "SimpleCalculator.csproj", "{6AD5703E-86C9-4248-A83A-D17EBFA188CC}"
EndProject
Global
	GlobalSection(SolutionConfigurationPlatforms) = preSolution
		Debug|Any CPU = Debug|Any CPU
		Release|Any CPU = Release|Any CPU
	EndGlobalSection
	GlobalSection(ProjectConfigurationPlatforms) = postSolution
		{6AD5703E-86C9-4248-A83A-D17EBFA188CC}.Debug|Any CPU.ActiveCfg = Debug|Any CPU
		{6AD5703E-86C9-4248-A83A-D17EBFA188CC}.Debug|Any CPU.Build.0 = Debug|Any CPU
		{6AD5703E-86C9-4248-A83A-D17EBFA188CC}.Release|Any CPU.ActiveCfg = Release|Any CPU
		{6AD5703E-86C9-4248-A83A-D17EBFA188CC}.Release|Any CPU.Build.0 = Release|Any CPU
	EndGlobalSection
	GlobalSection(SolutionProperties) = preSolution
		HideSolutionNode = FALSE
	EndGlobalSection
	GlobalSection(ExtensibilityGlobals) = postSolution
		SolutionGuid = {99F14483-7A65-41D5-8CBB-5F0CE69ADB0A}
	EndGlobalSection
EndGlobal
