
Microsoft Visual Studio Solution File, Format Version 12.00
# Visual Studio Version 16
VisualStudioVersion = 16.0.31410.357
MinimumVisualStudioVersion = 10.0.40219.1
Project("{FAE04EC0-301F-11D3-BF4B-00C04F79EFBC}") = "Evernote", "Evernote.csproj", "{D6E0150B-07D1-4E3E-B5F4-F2E463F15A34}"
EndProject
Global
	GlobalSection(SolutionConfigurationPlatforms) = preSolution
		Debug|Any CPU = Debug|Any CPU
		Release|Any CPU = Release|Any CPU
	EndGlobalSection
	GlobalSection(ProjectConfigurationPlatforms) = postSolution
		{D6E0150B-07D1-4E3E-B5F4-F2E463F15A34}.Debug|Any CPU.ActiveCfg = Debug|Any CPU
		{D6E0150B-07D1-4E3E-B5F4-F2E463F15A34}.Debug|Any CPU.Build.0 = Debug|Any CPU
		{D6E0150B-07D1-4E3E-B5F4-F2E463F15A34}.Release|Any CPU.ActiveCfg = Release|Any CPU
		{D6E0150B-07D1-4E3E-B5F4-F2E463F15A34}.Release|Any CPU.Build.0 = Release|Any CPU
	EndGlobalSection
	GlobalSection(SolutionProperties) = preSolution
		HideSolutionNode = FALSE
	EndGlobalSection
	GlobalSection(ExtensibilityGlobals) = postSolution
		SolutionGuid = {D80C114C-197C-4419-AB66-88F13411CC2F}
	EndGlobalSection
EndGlobal
