
Microsoft Visual Studio Solution File, Format Version 12.00
# Visual Studio Version 16
VisualStudioVersion = 16.0.31205.134
MinimumVisualStudioVersion = 10.0.40219.1
Project("{FAE04EC0-301F-11D3-BF4B-00C04F79EFBC}") = "WPFWeatherApp", "WPFWeatherApp.csproj", "{52364F0A-7A76-4652-AD9C-5E5DE9579A11}"
EndProject
Global
	GlobalSection(SolutionConfigurationPlatforms) = preSolution
		Debug|Any CPU = Debug|Any CPU
		Release|Any CPU = Release|Any CPU
	EndGlobalSection
	GlobalSection(ProjectConfigurationPlatforms) = postSolution
		{52364F0A-7A76-4652-AD9C-5E5DE9579A11}.Debug|Any CPU.ActiveCfg = Debug|Any CPU
		{52364F0A-7A76-4652-AD9C-5E5DE9579A11}.Debug|Any CPU.Build.0 = Debug|Any CPU
		{52364F0A-7A76-4652-AD9C-5E5DE9579A11}.Release|Any CPU.ActiveCfg = Release|Any CPU
		{52364F0A-7A76-4652-AD9C-5E5DE9579A11}.Release|Any CPU.Build.0 = Release|Any CPU
	EndGlobalSection
	GlobalSection(SolutionProperties) = preSolution
		HideSolutionNode = FALSE
	EndGlobalSection
	GlobalSection(ExtensibilityGlobals) = postSolution
		SolutionGuid = {E132F14F-9440-4E91-A499-F462E054C70E}
	EndGlobalSection
EndGlobal
